
Microsoft Visual Studio Solution File, Format Version 12.00
# Visual Studio Version 17
VisualStudioVersion = 17.1.32414.318
MinimumVisualStudioVersion = 10.0.40219.1
Project("{FAE04EC0-301F-11D3-BF4B-00C04F79EFBC}") = "FivePD P LockerRoomEUP", "FivePD P LockerRoomEUP\FivePD P LockerRoomEUP.csproj", "{786941B9-4D96-438B-B383-C926A050B55A}"
EndProject
Global
	GlobalSection(SolutionConfigurationPlatforms) = preSolution
		Debug|Any CPU = Debug|Any CPU
		Release|Any CPU = Release|Any CPU
	EndGlobalSection
	GlobalSection(ProjectConfigurationPlatforms) = postSolution
		{786941B9-4D96-438B-B383-C926A050B55A}.Debug|Any CPU.ActiveCfg = Debug|Any CPU
		{786941B9-4D96-438B-B383-C926A050B55A}.Debug|Any CPU.Build.0 = Debug|Any CPU
		{786941B9-4D96-438B-B383-C926A050B55A}.Release|Any CPU.ActiveCfg = Release|Any CPU
		{786941B9-4D96-438B-B383-C926A050B55A}.Release|Any CPU.Build.0 = Release|Any CPU
	EndGlobalSection
	GlobalSection(SolutionProperties) = preSolution
		HideSolutionNode = FALSE
	EndGlobalSection
	GlobalSection(ExtensibilityGlobals) = postSolution
		SolutionGuid = {70A75717-F0C9-4B69-8085-CF4B1BD98B8B}
	EndGlobalSection
EndGlobal
